PODS:
  - agora_rtc_engine (6.2.6):
    - AgoraIrisRTC_iOS (= 4.2.6-build.3)
    - AgoraRtcEngine_iOS (= 4.2.6)
    - Flutter
  - agora_rtm (1.5.9):
    - AgoraRtm_iOS (= 1.5.1)
    - Flutter
  - agora_uikit (0.0.1):
    - Flutter
  - AgoraIrisRTC_iOS (4.2.6-build.3)
  - AgoraRtcEngine_iOS (4.2.6):
    - AgoraRtcEngine_iOS/AIAEC (= 4.2.6)
    - AgoraRtcEngine_iOS/AINS (= 4.2.6)
    - AgoraRtcEngine_iOS/AudioBeauty (= 4.2.6)
    - AgoraRtcEngine_iOS/ClearVision (= 4.2.6)
    - AgoraRtcEngine_iOS/ContentInspect (= 4.2.6)
    - AgoraRtcEngine_iOS/DRM (= 4.2.6)
    - AgoraRtcEngine_iOS/FaceDetection (= 4.2.6)
    - AgoraRtcEngine_iOS/ReplayKit (= 4.2.6)
    - AgoraRtcEngine_iOS/RtcBasic (= 4.2.6)
    - AgoraRtcEngine_iOS/SpatialAudio (= 4.2.6)
    - AgoraRtcEngine_iOS/VideoCodecDec (= 4.2.6)
    - AgoraRtcEngine_iOS/VideoCodecEnc (= 4.2.6)
    - AgoraRtcEngine_iOS/VirtualBackground (= 4.2.6)
    - AgoraRtcEngine_iOS/VQA (= 4.2.6)
  - AgoraRtcEngine_iOS/AIAEC (4.2.6)
  - AgoraRtcEngine_iOS/AINS (4.2.6)
  - AgoraRtcEngine_iOS/AudioBeauty (4.2.6)
  - AgoraRtcEngine_iOS/ClearVision (4.2.6)
  - AgoraRtcEngine_iOS/ContentInspect (4.2.6)
  - AgoraRtcEngine_iOS/DRM (4.2.6)
  - AgoraRtcEngine_iOS/FaceDetection (4.2.6)
  - AgoraRtcEngine_iOS/ReplayKit (4.2.6)
  - AgoraRtcEngine_iOS/RtcBasic (4.2.6)
  - AgoraRtcEngine_iOS/SpatialAudio (4.2.6)
  - AgoraRtcEngine_iOS/VideoCodecDec (4.2.6)
  - AgoraRtcEngine_iOS/VideoCodecEnc (4.2.6)
  - AgoraRtcEngine_iOS/VirtualBackground (4.2.6)
  - AgoraRtcEngine_iOS/VQA (4.2.6)
  - AgoraRtm_iOS (1.5.1)
  - app_tracking_transparency (0.0.1):
    - Flutter
  - AppAuth (1.7.6):
    - AppAuth/Core (= 1.7.6)
    - AppAuth/ExternalUserAgent (= 1.7.6)
  - AppAuth/Core (1.7.6)
  - AppAuth/ExternalUserAgent (1.7.6):
    - AppAuth/Core
  - audio_session (0.0.1):
    - Flutter
  - audio_waveforms (0.0.1):
    - Flutter
  - audioplayers_darwin (0.0.1):
    - Flutter
  - BranchSDK (3.3.0)
  - bubbly_camera (0.0.1):
    - CameraManager (~> 5.1)
    - Flutter
    - SwiftVideoGenerator (~> 1.4)
  - camera_avfoundation (0.0.1):
    - Flutter
  - CameraManager (5.1.3)
  - cloud_firestore (4.17.5):
    - Firebase/Firestore (= 10.25.0)
    - firebase_core
    - Flutter
  - connectivity_plus (0.0.1):
    - Flutter
    - ReachabilitySwift
  - connectycube_flutter_call_kit (2.7.0):
    - Flutter
  - CropViewController (2.7.4)
  - device_info_plus (0.0.1):
    - Flutter
  - DKImagePickerController/Core (4.3.9):
    - DKImagePickerController/ImageDataManager
    - DKImagePickerController/Resource
  - DKImagePickerController/ImageDataManager (4.3.9)
  - DKImagePickerController/PhotoGallery (4.3.9):
    - DKImagePickerController/Core
    - DKPhotoGallery
  - DKImagePickerController/Resource (4.3.9)
  - DKPhotoGallery (0.0.19):
    - DKPhotoGallery/Core (= 0.0.19)
    - DKPhotoGallery/Model (= 0.0.19)
    - DKPhotoGallery/Preview (= 0.0.19)
    - DKPhotoGallery/Resource (= 0.0.19)
    - SDWebImage
    - SwiftyGif
  - DKPhotoGallery/Core (0.0.19):
    - DKPhotoGallery/Model
    - DKPhotoGallery/Preview
    - SDWebImage
    - SwiftyGif
  - DKPhotoGallery/Model (0.0.19):
    - SDWebImage
    - SwiftyGif
  - DKPhotoGallery/Preview (0.0.19):
    - DKPhotoGallery/Model
    - DKPhotoGallery/Resource
    - SDWebImage
    - SwiftyGif
  - DKPhotoGallery/Resource (0.0.19):
    - SDWebImage
    - SwiftyGif
  - ffmpeg-kit-ios-full (6.0)
  - ffmpeg_kit_flutter_full (6.0.3):
    - ffmpeg_kit_flutter_full/full (= 6.0.3)
    - Flutter
  - ffmpeg_kit_flutter_full/full (6.0.3):
    - ffmpeg-kit-ios-full (= 6.0)
    - Flutter
  - file_picker (0.0.1):
    - DKImagePickerController/PhotoGallery
    - Flutter
  - Firebase/Auth (10.25.0):
    - Firebase/CoreOnly
    - FirebaseAuth (~> 10.25.0)
  - Firebase/CoreOnly (10.25.0):
    - FirebaseCore (= 10.25.0)
  - Firebase/Firestore (10.25.0):
    - Firebase/CoreOnly
    - FirebaseFirestore (~> 10.25.0)
  - Firebase/Messaging (10.25.0):
    - Firebase/CoreOnly
    - FirebaseMessaging (~> 10.25.0)
  - firebase_auth (4.20.0):
    - Firebase/Auth (= 10.25.0)
    - firebase_core
    - Flutter
  - firebase_core (2.32.0):
    - Firebase/CoreOnly (= 10.25.0)
    - Flutter
  - firebase_messaging (14.7.13):
    - Firebase/Messaging (= 10.25.0)
    - firebase_core
    - Flutter
  - FirebaseAppCheckInterop (10.29.0)
  - FirebaseAuth (10.25.0):
    - FirebaseAppCheckInterop (~> 10.17)
    - FirebaseCore (~> 10.0)
    - GoogleUtilities/AppDelegateSwizzler (~> 7.8)
    - GoogleUtilities/Environment (~> 7.8)
    - GTMSessionFetcher/Core (< 4.0, >= 2.1)
    - RecaptchaInterop (~> 100.0)
  - FirebaseCore (10.25.0):
    - FirebaseCoreInternal (~> 10.0)
    - GoogleUtilities/Environment (~> 7.12)
    - GoogleUtilities/Logger (~> 7.12)
  - FirebaseCoreExtension (10.25.0):
    - FirebaseCore (~> 10.0)
  - FirebaseCoreInternal (10.29.0):
    - "GoogleUtilities/NSData+zlib (~> 7.8)"
  - FirebaseFirestore (10.25.0):
    - FirebaseFirestoreBinary (= 10.25.0)
  - FirebaseFirestoreAbseilBinary (1.2024011601.0)
  - FirebaseFirestoreBinary (10.25.0):
    - FirebaseCore (= 10.25.0)
    - FirebaseCoreExtension (= 10.25.0)
    - FirebaseFirestoreInternalBinary (= 10.25.0)
    - FirebaseSharedSwift (= 10.25.0)
  - FirebaseFirestoreGRPCBoringSSLBinary (1.62.1)
  - FirebaseFirestoreGRPCCoreBinary (1.62.1):
    - FirebaseFirestoreAbseilBinary (= 1.2024011601.0)
    - FirebaseFirestoreGRPCBoringSSLBinary (= 1.62.1)
  - FirebaseFirestoreGRPCCPPBinary (1.62.1):
    - FirebaseFirestoreAbseilBinary (= 1.2024011601.0)
    - FirebaseFirestoreGRPCCoreBinary (= 1.62.1)
  - FirebaseFirestoreInternalBinary (10.25.0):
    - FirebaseCore (= 10.25.0)
    - FirebaseFirestoreAbseilBinary (= 1.2024011601.0)
    - FirebaseFirestoreGRPCCPPBinary (= 1.62.1)
    - leveldb-library (~> 1.22)
    - nanopb (< 2.30911.0, >= 2.30908.0)
  - FirebaseInstallations (10.29.0):
    - FirebaseCore (~> 10.0)
    - GoogleUtilities/Environment (~> 7.8)
    - GoogleUtilities/UserDefaults (~> 7.8)
    - PromisesObjC (~> 2.1)
  - FirebaseMessaging (10.25.0):
    - FirebaseCore (~> 10.0)
    - FirebaseInstallations (~> 10.0)
    - GoogleDataTransport (~> 9.3)
    - GoogleUtilities/AppDelegateSwizzler (~> 7.8)
    - GoogleUtilities/Environment (~> 7.8)
    - GoogleUtilities/Reachability (~> 7.8)
    - GoogleUtilities/UserDefaults (~> 7.8)
    - nanopb (< 2.30911.0, >= 2.30908.0)
  - FirebaseSharedSwift (10.25.0)
  - Flutter (1.0.0)
  - flutter_branch_sdk (7.1.0):
    - BranchSDK (~> 3.3.0)
    - Flutter
  - flutter_contacts (0.0.1):
    - Flutter
  - flutter_downloader (0.0.1):
    - Flutter
  - flutter_dynamic_icon (0.0.1):
    - Flutter
  - flutter_image_compress_common (1.0.0):
    - Flutter
    - Mantle
    - SDWebImage
    - SDWebImageWebPCoder
  - flutter_local_notifications (0.0.1):
    - Flutter
  - flutter_native_splash (0.0.1):
    - Flutter
  - flutter_secure_storage (6.0.0):
    - Flutter
  - flutter_udid (0.0.1):
    - Flutter
    - SAMKeychain
  - flutter_video_info (1.1.0):
    - Flutter
  - fluttertoast (0.0.2):
    - Flutter
    - Toast
  - gallery_saver_plus (0.0.1):
    - Flutter
  - Giphy (2.2.4):
    - libwebp
  - Google-Maps-iOS-Utils (5.0.0):
    - GoogleMaps (~> 8.0)
  - google_maps_flutter_ios (0.0.1):
    - Flutter
    - Google-Maps-iOS-Utils (< 7.0, >= 5.0)
    - GoogleMaps (< 10.0, >= 8.4)
  - google_sign_in_ios (0.0.1):
    - AppAuth (>= 1.7.4)
    - Flutter
    - FlutterMacOS
    - GoogleSignIn (~> 7.1)
    - GTMSessionFetcher (>= 3.4.0)
  - GoogleDataTransport (9.4.1):
    - GoogleUtilities/Environment (~> 7.7)
    - nanopb (< 2.30911.0, >= 2.30908.0)
    - PromisesObjC (< 3.0, >= 1.2)
  - GoogleMaps (8.4.0):
    - GoogleMaps/Maps (= 8.4.0)
  - GoogleMaps/Base (8.4.0)
  - GoogleMaps/Maps (8.4.0):
    - GoogleMaps/Base
  - GoogleMLKit/BarcodeScanning (6.0.0):
    - GoogleMLKit/MLKitCore
    - MLKitBarcodeScanning (~> 5.0.0)
  - GoogleMLKit/MLKitCore (6.0.0):
    - MLKitCommon (~> 11.0.0)
  - GoogleSignIn (7.1.0):
    - AppAuth (< 2.0, >= 1.7.3)
    - GTMAppAuth (< 5.0, >= 4.1.1)
    - GTMSessionFetcher/Core (~> 3.3)
  - GoogleToolboxForMac/Defines (4.2.1)
  - GoogleToolboxForMac/Logger (4.2.1):
    - GoogleToolboxForMac/Defines (= 4.2.1)
  - "GoogleToolboxForMac/NSData+zlib (4.2.1)":
    - GoogleToolboxForMac/Defines (= 4.2.1)
  - GoogleUtilities/AppDelegateSwizzler (7.13.3):
    - GoogleUtilities/Environment
    - GoogleUtilities/Logger
    - GoogleUtilities/Network
    - GoogleUtilities/Privacy
  - GoogleUtilities/Environment (7.13.3):
    - GoogleUtilities/Privacy
    - PromisesObjC (< 3.0, >= 1.2)
  - GoogleUtilities/Logger (7.13.3):
    - GoogleUtilities/Environment
    - GoogleUtilities/Privacy
  - GoogleUtilities/Network (7.13.3):
    - GoogleUtilities/Logger
    - "GoogleUtilities/NSData+zlib"
    - GoogleUtilities/Privacy
    - GoogleUtilities/Reachability
  - "GoogleUtilities/NSData+zlib (7.13.3)":
    - GoogleUtilities/Privacy
  - GoogleUtilities/Privacy (7.13.3)
  - GoogleUtilities/Reachability (7.13.3):
    - GoogleUtilities/Logger
    - GoogleUtilities/Privacy
  - GoogleUtilities/UserDefaults (7.13.3):
    - GoogleUtilities/Logger
    - GoogleUtilities/Privacy
  - GoogleUtilitiesComponents (1.1.0):
    - GoogleUtilities/Logger
  - GTMAppAuth (4.1.1):
    - AppAuth/Core (~> 1.7)
    - GTMSessionFetcher/Core (< 4.0, >= 3.3)
  - GTMSessionFetcher (3.5.0):
    - GTMSessionFetcher/Full (= 3.5.0)
  - GTMSessionFetcher/Core (3.5.0)
  - GTMSessionFetcher/Full (3.5.0):
    - GTMSessionFetcher/Core
  - hl_image_picker_ios (1.2.3):
    - CropViewController
    - Flutter
    - TLPhotoPicker
  - image_gallery_saver (2.0.2):
    - Flutter
  - image_picker_ios (0.0.1):
    - Flutter
  - in_app_purchase_storekit (0.0.1):
    - Flutter
    - FlutterMacOS
  - iris_method_channel (0.0.1):
    - Flutter
  - jitsi_meet_flutter_sdk (0.2.2):
    - Flutter
    - JitsiMeetSDK (= 9.2.1)
  - JitsiMeetSDK (9.2.1):
    - Giphy (= 2.2.4)
    - JitsiWebRTC (~> 118.0)
  - JitsiWebRTC (118.0.0)
  - just_audio (0.0.1):
    - Flutter
  - leveldb-library (1.22.6)
  - libwebp (1.5.0):
    - libwebp/demux (= 1.5.0)
    - libwebp/mux (= 1.5.0)
    - libwebp/sharpyuv (= 1.5.0)
    - libwebp/webp (= 1.5.0)
  - libwebp/demux (1.5.0):
    - libwebp/webp
  - libwebp/mux (1.5.0):
    - libwebp/demux
  - libwebp/sharpyuv (1.5.0)
  - libwebp/webp (1.5.0):
    - libwebp/sharpyuv
  - location (0.0.1):
    - Flutter
  - Mantle (2.2.0):
    - Mantle/extobjc (= 2.2.0)
  - Mantle/extobjc (2.2.0)
  - MLImage (1.0.0-beta5)
  - MLKitBarcodeScanning (5.0.0):
    - MLKitCommon (~> 11.0)
    - MLKitVision (~> 7.0)
  - MLKitCommon (11.0.0):
    - GoogleDataTransport (< 10.0, >= 9.4.1)
    - GoogleToolboxForMac/Logger (< 5.0, >= 4.2.1)
    - "GoogleToolboxForMac/NSData+zlib (< 5.0, >= 4.2.1)"
    - GoogleUtilities/UserDefaults (< 8.0, >= 7.13.0)
    - GoogleUtilitiesComponents (~> 1.0)
    - GTMSessionFetcher/Core (< 4.0, >= 3.3.2)
  - MLKitVision (7.0.0):
    - GoogleToolboxForMac/Logger (< 5.0, >= 4.2.1)
    - "GoogleToolboxForMac/NSData+zlib (< 5.0, >= 4.2.1)"
    - GTMSessionFetcher/Core (< 4.0, >= 3.3.2)
    - MLImage (= 1.0.0-beta5)
    - MLKitCommon (~> 11.0)
  - mobile_scanner (5.1.1):
    - Flutter
    - GoogleMLKit/BarcodeScanning (~> 6.0.0)
  - MTBBarcodeScanner (5.0.11)
  - nanopb (2.30910.0):
    - nanopb/decode (= 2.30910.0)
    - nanopb/encode (= 2.30910.0)
  - nanopb/decode (2.30910.0)
  - nanopb/encode (2.30910.0)
  - package_info_plus (0.4.5):
    - Flutter
  - path_provider_foundation (0.0.1):
    - Flutter
    - FlutterMacOS
  - permission_handler_apple (9.3.0):
    - Flutter
  - PromisesObjC (2.4.0)
  - qr_code_scanner (0.2.0):
    - Flutter
    - MTBBarcodeScanner
  - ReachabilitySwift (5.2.4)
  - RecaptchaInterop (100.0.0)
  - receive_sharing_intent (1.8.1):
    - Flutter
  - record_darwin (1.0.0):
    - Flutter
  - SAMKeychain (1.5.3)
  - SDWebImage (5.20.0):
    - SDWebImage/Core (= 5.20.0)
  - SDWebImage/Core (5.20.0)
  - SDWebImageWebPCoder (0.14.6):
    - libwebp (~> 1.0)
    - SDWebImage/Core (~> 5.17)
  - share_plus (0.0.1):
    - Flutter
  - shared_preferences_foundation (0.0.1):
    - Flutter
    - FlutterMacOS
  - sign_in_with_apple (0.0.1):
    - Flutter
  - sqflite (0.0.3):
    - Flutter
    - FlutterMacOS
  - stipop_sdk (0.9.0-beta.1):
    - Flutter
    - StipopUIKit (= 0.9.6)
  - StipopUIKit (0.9.6)
  - SwiftVideoGenerator (1.4.0)
  - SwiftyGif (5.4.5)
  - TLPhotoPicker (2.1.10)
  - Toast (4.1.1)
  - url_launcher_ios (0.0.1):
    - Flutter
  - video_compress (0.3.0):
    - Flutter
  - video_player_avfoundation (0.0.1):
    - Flutter
    - FlutterMacOS
  - video_thumbnail (0.0.1):
    - Flutter
    - libwebp
  - wakelock_plus (0.0.1):
    - Flutter
  - webview_flutter_wkwebview (0.0.1):
    - Flutter

DEPENDENCIES:
  - agora_rtc_engine (from `.symlinks/plugins/agora_rtc_engine/ios`)
  - agora_rtm (from `.symlinks/plugins/agora_rtm/ios`)
  - agora_uikit (from `.symlinks/plugins/agora_uikit/ios`)
  - app_tracking_transparency (from `.symlinks/plugins/app_tracking_transparency/ios`)
  - audio_session (from `.symlinks/plugins/audio_session/ios`)
  - audio_waveforms (from `.symlinks/plugins/audio_waveforms/ios`)
  - audioplayers_darwin (from `.symlinks/plugins/audioplayers_darwin/ios`)
  - bubbly_camera (from `.symlinks/plugins/bubbly_camera/ios`)
  - camera_avfoundation (from `.symlinks/plugins/camera_avfoundation/ios`)
  - cloud_firestore (from `.symlinks/plugins/cloud_firestore/ios`)
  - connectivity_plus (from `.symlinks/plugins/connectivity_plus/ios`)
  - connectycube_flutter_call_kit (from `.symlinks/plugins/connectycube_flutter_call_kit/ios`)
  - device_info_plus (from `.symlinks/plugins/device_info_plus/ios`)
  - ffmpeg_kit_flutter_full (from `.symlinks/plugins/ffmpeg_kit_flutter_full/ios`)
  - file_picker (from `.symlinks/plugins/file_picker/ios`)
  - firebase_auth (from `.symlinks/plugins/firebase_auth/ios`)
  - firebase_core (from `.symlinks/plugins/firebase_core/ios`)
  - firebase_messaging (from `.symlinks/plugins/firebase_messaging/ios`)
  - FirebaseFirestore (from `https://github.com/invertase/firestore-ios-sdk-frameworks.git`, tag `10.25.0`)
  - Flutter (from `Flutter`)
  - flutter_branch_sdk (from `.symlinks/plugins/flutter_branch_sdk/ios`)
  - flutter_contacts (from `.symlinks/plugins/flutter_contacts/ios`)
  - flutter_downloader (from `.symlinks/plugins/flutter_downloader/ios`)
  - flutter_dynamic_icon (from `.symlinks/plugins/flutter_dynamic_icon/ios`)
  - flutter_image_compress_common (from `.symlinks/plugins/flutter_image_compress_common/ios`)
  - flutter_local_notifications (from `.symlinks/plugins/flutter_local_notifications/ios`)
  - flutter_native_splash (from `.symlinks/plugins/flutter_native_splash/ios`)
  - flutter_secure_storage (from `.symlinks/plugins/flutter_secure_storage/ios`)
  - flutter_udid (from `.symlinks/plugins/flutter_udid/ios`)
  - flutter_video_info (from `.symlinks/plugins/flutter_video_info/ios`)
  - fluttertoast (from `.symlinks/plugins/fluttertoast/ios`)
  - gallery_saver_plus (from `.symlinks/plugins/gallery_saver_plus/ios`)
  - google_maps_flutter_ios (from `.symlinks/plugins/google_maps_flutter_ios/ios`)
  - google_sign_in_ios (from `.symlinks/plugins/google_sign_in_ios/darwin`)
  - hl_image_picker_ios (from `.symlinks/plugins/hl_image_picker_ios/ios`)
  - image_gallery_saver (from `.symlinks/plugins/image_gallery_saver/ios`)
  - image_picker_ios (from `.symlinks/plugins/image_picker_ios/ios`)
  - in_app_purchase_storekit (from `.symlinks/plugins/in_app_purchase_storekit/darwin`)
  - iris_method_channel (from `.symlinks/plugins/iris_method_channel/ios`)
  - jitsi_meet_flutter_sdk (from `.symlinks/plugins/jitsi_meet_flutter_sdk/ios`)
  - just_audio (from `.symlinks/plugins/just_audio/ios`)
  - location (from `.symlinks/plugins/location/ios`)
  - mobile_scanner (from `.symlinks/plugins/mobile_scanner/ios`)
  - package_info_plus (from `.symlinks/plugins/package_info_plus/ios`)
  - path_provider_foundation (from `.symlinks/plugins/path_provider_foundation/darwin`)
  - permission_handler_apple (from `.symlinks/plugins/permission_handler_apple/ios`)
  - qr_code_scanner (from `.symlinks/plugins/qr_code_scanner/ios`)
  - receive_sharing_intent (from `.symlinks/plugins/receive_sharing_intent/ios`)
  - record_darwin (from `.symlinks/plugins/record_darwin/ios`)
  - share_plus (from `.symlinks/plugins/share_plus/ios`)
  - shared_preferences_foundation (from `.symlinks/plugins/shared_preferences_foundation/darwin`)
  - sign_in_with_apple (from `.symlinks/plugins/sign_in_with_apple/ios`)
  - sqflite (from `.symlinks/plugins/sqflite/darwin`)
  - stipop_sdk (from `.symlinks/plugins/stipop_sdk/ios`)
  - url_launcher_ios (from `.symlinks/plugins/url_launcher_ios/ios`)
  - video_compress (from `.symlinks/plugins/video_compress/ios`)
  - video_player_avfoundation (from `.symlinks/plugins/video_player_avfoundation/darwin`)
  - video_thumbnail (from `.symlinks/plugins/video_thumbnail/ios`)
  - wakelock_plus (from `.symlinks/plugins/wakelock_plus/ios`)
  - webview_flutter_wkwebview (from `.symlinks/plugins/webview_flutter_wkwebview/ios`)

SPEC REPOS:
  trunk:
    - AgoraIrisRTC_iOS
    - AgoraRtcEngine_iOS
    - AgoraRtm_iOS
    - AppAuth
    - BranchSDK
    - CameraManager
    - CropViewController
    - DKImagePickerController
    - DKPhotoGallery
    - ffmpeg-kit-ios-full
    - Firebase
    - FirebaseAppCheckInterop
    - FirebaseAuth
    - FirebaseCore
    - FirebaseCoreExtension
    - FirebaseCoreInternal
    - FirebaseFirestoreAbseilBinary
    - FirebaseFirestoreBinary
    - FirebaseFirestoreGRPCBoringSSLBinary
    - FirebaseFirestoreGRPCCoreBinary
    - FirebaseFirestoreGRPCCPPBinary
    - FirebaseFirestoreInternalBinary
    - FirebaseInstallations
    - FirebaseMessaging
    - FirebaseSharedSwift
    - Giphy
    - Google-Maps-iOS-Utils
    - GoogleDataTransport
    - GoogleMaps
    - GoogleMLKit
    - GoogleSignIn
    - GoogleToolboxForMac
    - GoogleUtilities
    - GoogleUtilitiesComponents
    - GTMAppAuth
    - GTMSessionFetcher
    - JitsiMeetSDK
    - JitsiWebRTC
    - leveldb-library
    - libwebp
    - Mantle
    - MLImage
    - MLKitBarcodeScanning
    - MLKitCommon
    - MLKitVision
    - MTBBarcodeScanner
    - nanopb
    - PromisesObjC
    - ReachabilitySwift
    - RecaptchaInterop
    - SAMKeychain
    - SDWebImage
    - SDWebImageWebPCoder
    - StipopUIKit
    - SwiftVideoGenerator
    - SwiftyGif
    - TLPhotoPicker
    - Toast

EXTERNAL SOURCES:
  agora_rtc_engine:
    :path: ".symlinks/plugins/agora_rtc_engine/ios"
  agora_rtm:
    :path: ".symlinks/plugins/agora_rtm/ios"
  agora_uikit:
    :path: ".symlinks/plugins/agora_uikit/ios"
  app_tracking_transparency:
    :path: ".symlinks/plugins/app_tracking_transparency/ios"
  audio_session:
    :path: ".symlinks/plugins/audio_session/ios"
  audio_waveforms:
    :path: ".symlinks/plugins/audio_waveforms/ios"
  audioplayers_darwin:
    :path: ".symlinks/plugins/audioplayers_darwin/ios"
  bubbly_camera:
    :path: ".symlinks/plugins/bubbly_camera/ios"
  camera_avfoundation:
    :path: ".symlinks/plugins/camera_avfoundation/ios"
  cloud_firestore:
    :path: ".symlinks/plugins/cloud_firestore/ios"
  connectivity_plus:
    :path: ".symlinks/plugins/connectivity_plus/ios"
  connectycube_flutter_call_kit:
    :path: ".symlinks/plugins/connectycube_flutter_call_kit/ios"
  device_info_plus:
    :path: ".symlinks/plugins/device_info_plus/ios"
  ffmpeg_kit_flutter_full:
    :path: ".symlinks/plugins/ffmpeg_kit_flutter_full/ios"
  file_picker:
    :path: ".symlinks/plugins/file_picker/ios"
  firebase_auth:
    :path: ".symlinks/plugins/firebase_auth/ios"
  firebase_core:
    :path: ".symlinks/plugins/firebase_core/ios"
  firebase_messaging:
    :path: ".symlinks/plugins/firebase_messaging/ios"
  FirebaseFirestore:
    :git: https://github.com/invertase/firestore-ios-sdk-frameworks.git
    :tag: 10.25.0
  Flutter:
    :path: Flutter
  flutter_branch_sdk:
    :path: ".symlinks/plugins/flutter_branch_sdk/ios"
  flutter_contacts:
    :path: ".symlinks/plugins/flutter_contacts/ios"
  flutter_downloader:
    :path: ".symlinks/plugins/flutter_downloader/ios"
  flutter_dynamic_icon:
    :path: ".symlinks/plugins/flutter_dynamic_icon/ios"
  flutter_image_compress_common:
    :path: ".symlinks/plugins/flutter_image_compress_common/ios"
  flutter_local_notifications:
    :path: ".symlinks/plugins/flutter_local_notifications/ios"
  flutter_native_splash:
    :path: ".symlinks/plugins/flutter_native_splash/ios"
  flutter_secure_storage:
    :path: ".symlinks/plugins/flutter_secure_storage/ios"
  flutter_udid:
    :path: ".symlinks/plugins/flutter_udid/ios"
  flutter_video_info:
    :path: ".symlinks/plugins/flutter_video_info/ios"
  fluttertoast:
    :path: ".symlinks/plugins/fluttertoast/ios"
  gallery_saver_plus:
    :path: ".symlinks/plugins/gallery_saver_plus/ios"
  google_maps_flutter_ios:
    :path: ".symlinks/plugins/google_maps_flutter_ios/ios"
  google_sign_in_ios:
    :path: ".symlinks/plugins/google_sign_in_ios/darwin"
  hl_image_picker_ios:
    :path: ".symlinks/plugins/hl_image_picker_ios/ios"
  image_gallery_saver:
    :path: ".symlinks/plugins/image_gallery_saver/ios"
  image_picker_ios:
    :path: ".symlinks/plugins/image_picker_ios/ios"
  in_app_purchase_storekit:
    :path: ".symlinks/plugins/in_app_purchase_storekit/darwin"
  iris_method_channel:
    :path: ".symlinks/plugins/iris_method_channel/ios"
  jitsi_meet_flutter_sdk:
    :path: ".symlinks/plugins/jitsi_meet_flutter_sdk/ios"
  just_audio:
    :path: ".symlinks/plugins/just_audio/ios"
  location:
    :path: ".symlinks/plugins/location/ios"
  mobile_scanner:
    :path: ".symlinks/plugins/mobile_scanner/ios"
  package_info_plus:
    :path: ".symlinks/plugins/package_info_plus/ios"
  path_provider_foundation:
    :path: ".symlinks/plugins/path_provider_foundation/darwin"
  permission_handler_apple:
    :path: ".symlinks/plugins/permission_handler_apple/ios"
  qr_code_scanner:
    :path: ".symlinks/plugins/qr_code_scanner/ios"
  receive_sharing_intent:
    :path: ".symlinks/plugins/receive_sharing_intent/ios"
  record_darwin:
    :path: ".symlinks/plugins/record_darwin/ios"
  share_plus:
    :path: ".symlinks/plugins/share_plus/ios"
  shared_preferences_foundation:
    :path: ".symlinks/plugins/shared_preferences_foundation/darwin"
  sign_in_with_apple:
    :path: ".symlinks/plugins/sign_in_with_apple/ios"
  sqflite:
    :path: ".symlinks/plugins/sqflite/darwin"
  stipop_sdk:
    :path: ".symlinks/plugins/stipop_sdk/ios"
  url_launcher_ios:
    :path: ".symlinks/plugins/url_launcher_ios/ios"
  video_compress:
    :path: ".symlinks/plugins/video_compress/ios"
  video_player_avfoundation:
    :path: ".symlinks/plugins/video_player_avfoundation/darwin"
  video_thumbnail:
    :path: ".symlinks/plugins/video_thumbnail/ios"
  wakelock_plus:
    :path: ".symlinks/plugins/wakelock_plus/ios"
  webview_flutter_wkwebview:
    :path: ".symlinks/plugins/webview_flutter_wkwebview/ios"

CHECKOUT OPTIONS:
  FirebaseFirestore:
    :git: https://github.com/invertase/firestore-ios-sdk-frameworks.git
    :tag: 10.25.0

SPEC CHECKSUMS:
  agora_rtc_engine: 2c9ddf94c54c36e7520ebc37b5b1345678a734bb
  agora_rtm: 186e57f84720f1c31572b2bcad048cda38873d43
  agora_uikit: 118d15f7a97e84a4dcae0309ab2128044f5ccd52
  AgoraIrisRTC_iOS: 8346499b82968a4967e3d0bec2cf14bf7c0c3f76
  AgoraRtcEngine_iOS: ac647332ad8f86d79cf810601c9e62b28c3a4de0
  AgoraRtm_iOS: 595a9fa33a409831e6183396ea8f8bc563918403
  app_tracking_transparency: 3d84f147f67ca82d3c15355c36b1fa6b66ca7c92
  AppAuth: d4f13a8fe0baf391b2108511793e4b479691fb73
  audio_session: 9bdd3bf46960d4322cb8c3cb6138295dcfe84eee
  audio_waveforms: a6dde7fe7c0ea05f06ffbdb0f7c1b2b2ba6cedcf
  audioplayers_darwin: ccf9c770ee768abb07e26d90af093f7bab1c12ab
  BranchSDK: 262dbab56b767807f49f45191c8499cd9c4b4d76
  bubbly_camera: b8ec6a2d9794cfb15083cec0f9c6acc1af9fe09f
  camera_avfoundation: 04b44aeb14070126c6529e5ab82cc7c9fca107cf
  CameraManager: 73936a52093081ba5e44914e8120ab511360f5d4
  cloud_firestore: 28753092b326c43b17251b50aa6c5b3247c939e5
  connectivity_plus: 481668c94744c30c53b8895afb39159d1e619bdf
  connectycube_flutter_call_kit: 7dec0cade7f6c8bf4da40bae6bdc77a5ce766e5a
  CropViewController: 3489bbf95a3e11c654382b0bae08ac645cdf1b93
  device_info_plus: 335f3ce08d2e174b9fdc3db3db0f4e3b1f66bd89
  DKImagePickerController: 946cec48c7873164274ecc4624d19e3da4c1ef3c
  DKPhotoGallery: b3834fecb755ee09a593d7c9e389d8b5d6deed60
  ffmpeg-kit-ios-full: 0099a769d22114dde52cdc238397941c32f75d27
  ffmpeg_kit_flutter_full: 0f013270b9743e39e78b6d2f0fa53ebac0259af4
  file_picker: 07c75322ede1d47ec9bb4ac82b27c94d3598251a
  Firebase: 0312a2352584f782ea56f66d91606891d4607f06
  firebase_auth: f17bd6bfc0bc3d83c6df9dc3829e5b6fee10b147
  firebase_core: 3b49a055ff54114cae400581c13671fe53936c36
  firebase_messaging: 947225df545173becfe3d90e951e4d8267bfc9e4
  FirebaseAppCheckInterop: 6a1757cfd4067d8e00fccd14fcc1b8fd78cfac07
  FirebaseAuth: c0f93dcc570c9da2bffb576969d793e95c344fbb
  FirebaseCore: 7ec4d0484817f12c3373955bc87762d96842d483
  FirebaseCoreExtension: 8a47811d0b155501559ef05d089518152a0a1677
  FirebaseCoreInternal: df84dd300b561c27d5571684f389bf60b0a5c934
  FirebaseFirestore: d30223cc084fb1ea2d7aee742eea5392beaf3edd
  FirebaseFirestoreAbseilBinary: bd0451946879e0e01327c8efc35896bb273009c4
  FirebaseFirestoreBinary: bfcacce21af5109ab56bef3d41b4235b98b22861
  FirebaseFirestoreGRPCBoringSSLBinary: c3007e61593e4583ec3bb8b34ce654663663b690
  FirebaseFirestoreGRPCCoreBinary: 1243fc6604a52912694635f891916976924931ed
  FirebaseFirestoreGRPCCPPBinary: e447b3a7c060c0abfc4e2c9f6fb53bf7635ded66
  FirebaseFirestoreInternalBinary: 64bdfce9f9f44f131e47694b6287fce0f6f26019
  FirebaseInstallations: 913cf60d0400ebd5d6b63a28b290372ab44590dd
  FirebaseMessaging: 88950ba9485052891ebe26f6c43a52bb62248952
  FirebaseSharedSwift: 0274086954b1b2d5fd7e829eccc587044d72a4ba
  Flutter: e0871f40cf51350855a761d2e70bf5af5b9b5de7
  flutter_branch_sdk: a0ed01e500e5443b61c543554c1bd24fd524b643
  flutter_contacts: 5383945387e7ca37cf963d4be57c21f2fc15ca9f
  flutter_downloader: 78da0da1084e709cbfd3b723c7ea349c71681f09
  flutter_dynamic_icon: 9b73b8d673f589e913991cc025c007823c59ed19
  flutter_image_compress_common: 1697a328fd72bfb335507c6bca1a65fa5ad87df1
  flutter_local_notifications: 395056b3175ba4f08480a7c5de30cd36d69827e4
  flutter_native_splash: 9e672d3818957718ee006a491730c09deeecace9
  flutter_secure_storage: 2c2ff13db9e0a5647389bff88b0ecac56e3f3418
  flutter_udid: ae1de3aafc160cef344ecdd7ad9defa0b6a2b2b3
  flutter_video_info: 1b1e50c79c7f38e19c887c6d1babdc5eac5af858
  fluttertoast: 294ad8b4b83f149520f7c13484770323c54df109
  gallery_saver_plus: 61c8a831d5975e2bf57f87bcd64379dcc7d29ff2
  Giphy: 6b5f6986c8df4f71e01a8ef86595f426b3439fb5
  Google-Maps-iOS-Utils: 66d6de12be1ce6d3742a54661e7a79cb317a9321
  google_maps_flutter_ios: 0291eb2aa252298a769b04d075e4a9d747ff7264
  google_sign_in_ios: 0ab078e60da6dfe23cbc55c83502b52bba1aad63
  GoogleDataTransport: 6c09b596d841063d76d4288cc2d2f42cc36e1e2a
  GoogleMaps: 8939898920281c649150e0af74aa291c60f2e77d
  GoogleMLKit: 97ac7af399057e99182ee8edfa8249e3226a4065
  GoogleSignIn: d4281ab6cf21542b1cfaff85c191f230b399d2db
  GoogleToolboxForMac: d1a2cbf009c453f4d6ded37c105e2f67a32206d8
  GoogleUtilities: ea963c370a38a8069cc5f7ba4ca849a60b6d7d15
  GoogleUtilitiesComponents: 679b2c881db3b615a2777504623df6122dd20afe
  GTMAppAuth: f69bd07d68cd3b766125f7e072c45d7340dea0de
  GTMSessionFetcher: 5aea5ba6bd522a239e236100971f10cb71b96ab6
  hl_image_picker_ios: a7283b7b39418d4b31bd1570a04a30513fd53810
  image_gallery_saver: 14711d79da40581063e8842a11acf1969d781ed7
  image_picker_ios: 85f2b3c9fb98c09d63725c4d12ebd585b56ec35d
  in_app_purchase_storekit: e126ef1b89e4a9fdf07e28f005f82632b4609437
  iris_method_channel: b9db2053dac3dc84e256c8792eff6f11323a53bd
  jitsi_meet_flutter_sdk: 759806775130d28182207080b4b25e2fef7fd906
  JitsiMeetSDK: fc33a36b31c68ed98b8931a452d6610887bbd35a
  JitsiWebRTC: 3a41671ef65a51d7204323814b055a2690b921c7
  just_audio: 6c031bb61297cf218b4462be616638e81c058e97
  leveldb-library: cc8b8f8e013647a295ad3f8cd2ddf49a6f19be19
  libwebp: 02b23773aedb6ff1fd38cec7a77b81414c6842a8
  location: 155caecf9da4f280ab5fe4a55f94ceccfab838f8
  Mantle: c5aa8794a29a022dfbbfc9799af95f477a69b62d
  MLImage: 1824212150da33ef225fbd3dc49f184cf611046c
  MLKitBarcodeScanning: 10ca0845a6d15f2f6e911f682a1998b68b973e8b
  MLKitCommon: afec63980417d29ffbb4790529a1b0a2291699e1
  MLKitVision: e858c5f125ecc288e4a31127928301eaba9ae0c1
  mobile_scanner: ba17a89d6a2d1847dad8cad0335856fd4b4ce1f6
  MTBBarcodeScanner: f453b33c4b7dfe545d8c6484ed744d55671788cb
  nanopb: 438bc412db1928dac798aa6fd75726007be04262
  package_info_plus: 580e9a5f1b6ca5594e7c9ed5f92d1dfb2a66b5e1
  path_provider_foundation: 608fcb11be570ce83519b076ab6a1fffe2474f05
  permission_handler_apple: 834413bf783f6ddb56602d606f4fad13ba536a27
  PromisesObjC: f5707f49cb48b9636751c5b2e7d227e43fba9f47
  qr_code_scanner: d77f94ecc9abf96d9b9b8fc04ef13f611e5a147a
  ReachabilitySwift: 32793e867593cfc1177f5d16491e3a197d2fccda
  RecaptchaInterop: 7d1a4a01a6b2cb1610a47ef3f85f0c411434cb21
  receive_sharing_intent: 222384f00ffe7e952bbfabaa9e3967cb87e5fe00
  record_darwin: fb1f375f1d9603714f55b8708a903bbb91ffdb0a
  SAMKeychain: 483e1c9f32984d50ca961e26818a534283b4cd5c
  SDWebImage: 73c6079366fea25fa4bb9640d5fb58f0893facd8
  SDWebImageWebPCoder: e38c0a70396191361d60c092933e22c20d5b1380
  share_plus: de6030e33b4e106470e09322d87cf2a4258d2d1d
  shared_preferences_foundation: 0b09b969fb36da5551c0bc4a2dbd9d0ff9387478
  sign_in_with_apple: c5dcc141574c8c54d5ac99dd2163c0c72ad22418
  sqflite: c35dad70033b8862124f8337cc994a809fcd9fa3
  stipop_sdk: 9fc152ac31cdfa72ad6c78aa5f4dacb13bde3ef5
  StipopUIKit: 5aaeab7d5c4b9d40fe106272d0f72583b8c9b407
  SwiftVideoGenerator: 804637c18f68a4f205d806e305ebceb4adcf3d25
  SwiftyGif: 706c60cf65fa2bc5ee0313beece843c8eb8194d4
  TLPhotoPicker: 3cc143dfe64d5fcb9956dc4bba55a4082e1d8e75
  Toast: 1f5ea13423a1e6674c4abdac5be53587ae481c4e
  url_launcher_ios: a1c1f2bf89969cb13cce46d0333c7257d346e169
  video_compress: f2133a07762889d67f0711ac831faa26f956980e
  video_player_avfoundation: 5685dd1957b7437a39376959f3502aac60b47aa5
  video_thumbnail: b637e0ad5f588ca9945f6e2c927f73a69a661140
  wakelock_plus: fd58c82b1388f4afe3fe8aa2c856503a262a5b03
  webview_flutter_wkwebview: 6e6160e04b1e85872253adc5322afe416d9cdddc

PODFILE CHECKSUM: 9ab2244cec076ba978414ac94b3730c7de92d399

COCOAPODS: 1.16.2
